
Microsoft Visual Studio Solution File, Format Version 12.00
# Visual Studio Version 17
VisualStudioVersion = 17.5.002.0
MinimumVisualStudioVersion = 10.0.40219.1
Project("{9A19103F-16F7-4668-BE54-9A1E7A4F7556}") = "4-BlogPresentation", "4-BlogPresentation\4-BlogPresentation.csproj", "{304CE14F-51BF-41EE-98F2-016ABDCC1903}"
EndProject
Project("{9A19103F-16F7-4668-BE54-9A1E7A4F7556}") = "2-BlogApplication", "2-BlogApplication\2-BlogApplication.csproj", "{D0F26D86-38C8-4738-9BD8-17C819E4EB40}"
EndProject
Project("{9A19103F-16F7-4668-BE54-9A1E7A4F7556}") = "1-BlogCore", "1-BlogCore\1-BlogCore.csproj", "{F23A4655-11C4-49B8-8314-AFB3DD4D8731}"
EndProject
Project("{9A19103F-16F7-4668-BE54-9A1E7A4F7556}") = "3-BlogInfrasracture", "3-BlogInfrasracture\3-BlogInfrasracture.csproj", "{95CC56AA-A572-42FD-9A59-53863DA035E3}"
EndProject
Global
	GlobalSection(SolutionConfigurationPlatforms) = preSolution
		Debug|Any CPU = Debug|Any CPU
		Release|Any CPU = Release|Any CPU
	EndGlobalSection
	GlobalSection(ProjectConfigurationPlatforms) = postSolution
		{304CE14F-51BF-41EE-98F2-016ABDCC1903}.Debug|Any CPU.ActiveCfg = Debug|Any CPU
		{304CE14F-51BF-41EE-98F2-016ABDCC1903}.Debug|Any CPU.Build.0 = Debug|Any CPU
		{304CE14F-51BF-41EE-98F2-016ABDCC1903}.Release|Any CPU.ActiveCfg = Release|Any CPU
		{304CE14F-51BF-41EE-98F2-016ABDCC1903}.Release|Any CPU.Build.0 = Release|Any CPU
		{D0F26D86-38C8-4738-9BD8-17C819E4EB40}.Debug|Any CPU.ActiveCfg = Debug|Any CPU
		{D0F26D86-38C8-4738-9BD8-17C819E4EB40}.Debug|Any CPU.Build.0 = Debug|Any CPU
		{D0F26D86-38C8-4738-9BD8-17C819E4EB40}.Release|Any CPU.ActiveCfg = Release|Any CPU
		{D0F26D86-38C8-4738-9BD8-17C819E4EB40}.Release|Any CPU.Build.0 = Release|Any CPU
		{F23A4655-11C4-49B8-8314-AFB3DD4D8731}.Debug|Any CPU.ActiveCfg = Debug|Any CPU
		{F23A4655-11C4-49B8-8314-AFB3DD4D8731}.Debug|Any CPU.Build.0 = Debug|Any CPU
		{F23A4655-11C4-49B8-8314-AFB3DD4D8731}.Release|Any CPU.ActiveCfg = Release|Any CPU
		{F23A4655-11C4-49B8-8314-AFB3DD4D8731}.Release|Any CPU.Build.0 = Release|Any CPU
		{95CC56AA-A572-42FD-9A59-53863DA035E3}.Debug|Any CPU.ActiveCfg = Debug|Any CPU
		{95CC56AA-A572-42FD-9A59-53863DA035E3}.Debug|Any CPU.Build.0 = Debug|Any CPU
		{95CC56AA-A572-42FD-9A59-53863DA035E3}.Release|Any CPU.ActiveCfg = Release|Any CPU
		{95CC56AA-A572-42FD-9A59-53863DA035E3}.Release|Any CPU.Build.0 = Release|Any CPU
	EndGlobalSection
	GlobalSection(SolutionProperties) = preSolution
		HideSolutionNode = FALSE
	EndGlobalSection
	GlobalSection(ExtensibilityGlobals) = postSolution
		SolutionGuid = {1807DBA4-F348-4559-B026-5537BF8BA7D0}
	EndGlobalSection
EndGlobal
